
Microsoft Visual Studio Solution File, Format Version 12.00
# Visual Studio Version 16
VisualStudioVersion = 25.0.1706.6
MinimumVisualStudioVersion = 10.0.40219.1
Project("{FAE04EC0-301F-11D3-BF4B-00C04F79EFBC}") = "TravelApp", "TravelApp\TravelApp.csproj", "{0F0BA097-3339-446B-8B68-99B4E2004809}"
EndProject
Global
	GlobalSection(SolutionConfigurationPlatforms) = preSolution
		Debug|Any CPU = Debug|Any CPU
		Release|Any CPU = Release|Any CPU
	EndGlobalSection
	GlobalSection(ProjectConfigurationPlatforms) = postSolution
		{0F0BA097-3339-446B-8B68-99B4E2004809}.Debug|Any CPU.ActiveCfg = Debug|Any CPU
		{0F0BA097-3339-446B-8B68-99B4E2004809}.Debug|Any CPU.Build.0 = Debug|Any CPU
		{0F0BA097-3339-446B-8B68-99B4E2004809}.Release|Any CPU.ActiveCfg = Release|Any CPU
		{0F0BA097-3339-446B-8B68-99B4E2004809}.Release|Any CPU.Build.0 = Release|Any CPU
	EndGlobalSection
	GlobalSection(SolutionProperties) = preSolution
		HideSolutionNode = FALSE
	EndGlobalSection
	GlobalSection(ExtensibilityGlobals) = postSolution
		SolutionGuid = {0984C40B-B1DE-4A55-A518-D52CD6B0BEDF}
	EndGlobalSection
EndGlobal
